
Microsoft Visual Studio Solution File, Format Version 12.00
# Visual Studio Version 17
VisualStudioVersion = 17.13.35825.156
MinimumVisualStudioVersion = 10.0.40219.1
Project("{FAE04EC0-301F-11D3-BF4B-00C04F79EFBC}") = "X0Game", "X0Game\X0Game.csproj", "{103AF95B-54B9-4CFB-B781-C991DECDD92B}"
EndProject
Project("{FAE04EC0-301F-11D3-BF4B-00C04F79EFBC}") = "X0GameUnitTest", "X0GameUnitTest\X0GameUnitTest.csproj", "{1C0AA93B-C0E2-4D95-B23A-6E59C9AD6CE8}"
EndProject
Project("{FAE04EC0-301F-11D3-BF4B-00C04F79EFBC}") = "X0GamesIntegrationTests", "X0GamesIntegrationTests\X0GamesIntegrationTests.csproj", "{A2EBC11C-9B1A-44CC-9EA1-0433B966BA5D}"
EndProject
Global
	GlobalSection(SolutionConfigurationPlatforms) = preSolution
		Debug|Any CPU = Debug|Any CPU
		Release|Any CPU = Release|Any CPU
	EndGlobalSection
	GlobalSection(ProjectConfigurationPlatforms) = postSolution
		{103AF95B-54B9-4CFB-B781-C991DECDD92B}.Debug|Any CPU.ActiveCfg = Debug|Any CPU
		{103AF95B-54B9-4CFB-B781-C991DECDD92B}.Debug|Any CPU.Build.0 = Debug|Any CPU
		{103AF95B-54B9-4CFB-B781-C991DECDD92B}.Release|Any CPU.ActiveCfg = Release|Any CPU
		{103AF95B-54B9-4CFB-B781-C991DECDD92B}.Release|Any CPU.Build.0 = Release|Any CPU
		{1C0AA93B-C0E2-4D95-B23A-6E59C9AD6CE8}.Debug|Any CPU.ActiveCfg = Debug|Any CPU
		{1C0AA93B-C0E2-4D95-B23A-6E59C9AD6CE8}.Debug|Any CPU.Build.0 = Debug|Any CPU
		{1C0AA93B-C0E2-4D95-B23A-6E59C9AD6CE8}.Release|Any CPU.ActiveCfg = Release|Any CPU
		{1C0AA93B-C0E2-4D95-B23A-6E59C9AD6CE8}.Release|Any CPU.Build.0 = Release|Any CPU
		{A2EBC11C-9B1A-44CC-9EA1-0433B966BA5D}.Debug|Any CPU.ActiveCfg = Debug|Any CPU
		{A2EBC11C-9B1A-44CC-9EA1-0433B966BA5D}.Debug|Any CPU.Build.0 = Debug|Any CPU
		{A2EBC11C-9B1A-44CC-9EA1-0433B966BA5D}.Release|Any CPU.ActiveCfg = Release|Any CPU
		{A2EBC11C-9B1A-44CC-9EA1-0433B966BA5D}.Release|Any CPU.Build.0 = Release|Any CPU
	EndGlobalSection
	GlobalSection(SolutionProperties) = preSolution
		HideSolutionNode = FALSE
	EndGlobalSection
	GlobalSection(ExtensibilityGlobals) = postSolution
		SolutionGuid = {4C23238D-DB24-4D7E-A541-C23BB5262918}
	EndGlobalSection
EndGlobal
